// !$*UTF8*$!
{
	archiveVersion = 1;
	classes = {
	};
	objectVersion = 46;
	objects = {

/* Begin PBXBuildFile section */
		79D2CDE51A1119B100802571 /* AppDelegate.swift in Sources */ = {isa = PBXBuildFile; fileRef = 79D2CDE41A1119B100802571 /* AppDelegate.swift */; };
		79D2CDEA1A1119B100802571 /* Main.storyboard in Resources */ = {isa = PBXBuildFile; fileRef = 79D2CDE81A1119B100802571 /* Main.storyboard */; };
		79D2CDEC1A1119B100802571 /* Images.xcassets in Resources */ = {isa = PBXBuildFile; fileRef = 79D2CDEB1A1119B100802571 /* Images.xcassets */; };
		79D2CDEF1A1119B100802571 /* LaunchScreen.xib in Resources */ = {isa = PBXBuildFile; fileRef = 79D2CDED1A1119B100802571 /* LaunchScreen.xib */; };
		79D2CDFB1A1119B100802571 /* ToDoListAppTests.swift in Sources */ = {isa = PBXBuildFile; fileRef = 79D2CDFA1A1119B100802571 /* ToDoListAppTests.swift */; };
		79D2CE051A111FBB00802571 /* ToDoListTableViewController.swift in Sources */ = {isa = PBXBuildFile; fileRef = 79D2CE041A111FBB00802571 /* ToDoListTableViewController.swift */; };
		79D2CE071A111FE300802571 /* AddToDoViewController.swift in Sources */ = {isa = PBXBuildFile; fileRef = 79D2CE061A111FE300802571 /* AddToDoViewController.swift */; };
		79D8F2011A11236B00E1FFFD /* ToDoItem.swift in Sources */ = {isa = PBXBuildFile; fileRef = 79D8F2001A11236B00E1FFFD /* ToDoItem.swift */; };
/* End PBXBuildFile section */

/* Begin PBXContainerItemProxy section */
		79D2CDF51A1119B100802571 /* PBXContainerItemProxy */ = {
			isa = PBXContainerItemProxy;
			containerPortal = 79D2CDD71A1119B100802571 /* Project object */;
			proxyType = 1;
			remoteGlobalIDString = 79D2CDDE1A1119B100802571;
			remoteInfo = ToDoListApp;
		};
/* End PBXContainerItemProxy section */

/* Begin PBXFileReference section */
		79D2CDDF1A1119B100802571 /* ToDoListApp.app */ = {isa = PBXFileReference; explicitFileType = wrapper.application; includeInIndex = 0; path = ToDoListApp.app; sourceTree = BUILT_PRODUCTS_DIR; };
		79D2CDE31A1119B100802571 /* Info.plist */ = {isa = PBXFileReference; lastKnownFileType = text.plist.xml; path = Info.plist; sourceTree = "<group>"; };
		79D2CDE41A1119B100802571 /* AppDelegate.swift */ = {isa = PBXFileReference; lastKnownFileType = sourcecode.swift; path = AppDelegate.swift; sourceTree = "<group>"; };
		79D2CDE91A1119B100802571 /* Base */ = {isa = PBXFileReference; lastKnownFileType = file.storyboard; name = Base; path = Base.lproj/Main.storyboard; sourceTree = "<group>"; };
		79D2CDEB1A1119B100802571 /* Images.xcassets */ = {isa = PBXFileReference; lastKnownFileType = folder.assetcatalog; path = Images.xcassets; sourceTree = "<group>"; };
		79D2CDEE1A1119B100802571 /* Base */ = {isa = PBXFileReference; lastKnownFileType = file.xib; name = Base; path = Base.lproj/LaunchScreen.xib; sourceTree = "<group>"; };
		79D2CDF41A1119B100802571 /* ToDoListAppTests.xctest */ = {isa = PBXFileReference; explicitFileType = wrapper.cfbundle; includeInIndex = 0; path = ToDoListAppTests.xctest; sourceTree = BUILT_PRODUCTS_DIR; };
		79D2CDF91A1119B100802571 /* Info.plist */ = {isa = PBXFileReference; lastKnownFileType = text.plist.xml; path = Info.plist; sourceTree = "<group>"; };
		79D2CDFA1A1119B100802571 /* ToDoListAppTests.swift */ = {isa = PBXFileReference; lastKnownFileType = sourcecode.swift; path = ToDoListAppTests.swift; sourceTree = "<group>"; };
		79D2CE041A111FBB00802571 /* ToDoListTableViewController.swift */ = {isa = PBXFileReference; fileEncoding = 4; lastKnownFileType = sourcecode.swift; path = ToDoListTableViewController.swift; sourceTree = "<group>"; };
		79D2CE061A111FE300802571 /* AddToDoViewController.swift */ = {isa = PBXFileReference; fileEncoding = 4; lastKnownFileType = sourcecode.swift; path = AddToDoViewController.swift; sourceTree = "<group>"; };
		79D8F2001A11236B00E1FFFD /* ToDoItem.swift */ = {isa = PBXFileReference; fileEncoding = 4; lastKnownFileType = sourcecode.swift; path = ToDoItem.swift; sourceTree = "<group>"; };
/* End PBXFileReference section */

/* Begin PBXFrameworksBuildPhase section */
		79D2CDDC1A1119B100802571 /* Frameworks */ = {
			isa = PBXFrameworksBuildPhase;
			buildActionMask = 2147483647;
			files = (
			);
			runOnlyForDeploymentPostprocessing = 0;
		};
		79D2CDF11A1119B100802571 /* Frameworks */ = {
			isa = PBXFrameworksBuildPhase;
			buildActionMask = 2147483647;
			files = (
			);
			runOnlyForDeploymentPostprocessing = 0;
		};
/* End PBXFrameworksBuildPhase section */

/* Begin PBXGroup section */
		79D2CDD61A1119B100802571 = {
			isa = PBXGroup;
			children = (
				79D2CDE11A1119B100802571 /* ToDoListApp */,
				79D2CDF71A1119B100802571 /* ToDoListAppTests */,
				79D2CDE01A1119B100802571 /* Products */,
			);
			sourceTree = "<group>";
		};
		79D2CDE01A1119B100802571 /* Products */ = {
			isa = PBXGroup;
			children = (
				79D2CDDF1A1119B100802571 /* ToDoListApp.app */,
				79D2CDF41A1119B100802571 /* ToDoListAppTests.xctest */,
			);
			name = Products;
			sourceTree = "<group>";
		};
		79D2CDE11A1119B100802571 /* ToDoListApp */ = {
			isa = PBXGroup;
			children = (
				79D2CDE41A1119B100802571 /* AppDelegate.swift */,
				79D2CDE81A1119B100802571 /* Main.storyboard */,
				79D2CE041A111FBB00802571 /* ToDoListTableViewController.swift */,
				79D2CE061A111FE300802571 /* AddToDoViewController.swift */,
				79D8F2001A11236B00E1FFFD /* ToDoItem.swift */,
				79D2CDEB1A1119B100802571 /* Images.xcassets */,
				79D2CDED1A1119B100802571 /* LaunchScreen.xib */,
				79D2CDE21A1119B100802571 /* Supporting Files */,
			);
			path = ToDoListApp;
			sourceTree = "<group>";
		};
		79D2CDE21A1119B100802571 /* Supporting Files */ = {
			isa = PBXGroup;
			children = (
				79D2CDE31A1119B100802571 /* Info.plist */,
			);
			name = "Supporting Files";
			sourceTree = "<group>";
		};
		79D2CDF71A1119B100802571 /* ToDoListAppTests */ = {
			isa = PBXGroup;
			children = (
				79D2CDFA1A1119B100802571 /* ToDoListAppTests.swift */,
				79D2CDF81A1119B100802571 /* Supporting Files */,
			);
			path = ToDoListAppTests;
			sourceTree = "<group>";
		};
		79D2CDF81A1119B100802571 /* Supporting Files */ = {
			isa = PBXGroup;
			children = (
				79D2CDF91A1119B100802571 /* Info.plist */,
			);
			name = "Supporting Files";
			sourceTree = "<group>";
		};
/* End PBXGroup section */

/* Begin PBXNativeTarget section */
		79D2CDDE1A1119B100802571 /* ToDoListApp */ = {
			isa = PBXNativeTarget;
			buildConfigurationList = 79D2CDFE1A1119B100802571 /* Build configuration list for PBXNativeTarget "ToDoListApp" */;
			buildPhases = (
				79D2CDDB1A1119B100802571 /* Sources */,
				79D2CDDC1A1119B100802571 /* Frameworks */,
				79D2CDDD1A1119B100802571 /* Resources */,
			);
			buildRules = (
			);
			dependencies = (
			);
			name = ToDoListApp;
			productName = ToDoListApp;
			productReference = 79D2CDDF1A1119B100802571 /* ToDoListApp.app */;
			productType = "com.apple.product-type.application";
		};
		79D2CDF31A1119B100802571 /* ToDoListAppTests */ = {
			isa = PBXNativeTarget;
			buildConfigurationList = 79D2CE011A1119B100802571 /* Build configuration list for PBXNativeTarget "ToDoListAppTests" */;
			buildPhases = (
				79D2CDF01A1119B100802571 /* Sources */,
				79D2CDF11A1119B100802571 /* Frameworks */,
				79D2CDF21A1119B100802571 /* Resources */,
			);
			buildRules = (
			);
			dependencies = (
				79D2CDF61A1119B100802571 /* PBXTargetDependency */,
			);
			name = ToDoListAppTests;
			productName = ToDoListAppTests;
			productReference = 79D2CDF41A1119B100802571 /* ToDoListAppTests.xctest */;
			productType = "com.apple.product-type.bundle.unit-test";
		};
/* End PBXNativeTarget section */

/* Begin PBXProject section */
		79D2CDD71A1119B100802571 /* Project object */ = {
			isa = PBXProject;
			attributes = {
				LastUpgradeCheck = 0610;
				ORGANIZATIONNAME = SINFO;
				TargetAttributes = {
					79D2CDDE1A1119B100802571 = {
						CreatedOnToolsVersion = 6.1;
					};
					79D2CDF31A1119B100802571 = {
						CreatedOnToolsVersion = 6.1;
						TestTargetID = 79D2CDDE1A1119B100802571;
					};
				};
			};
			buildConfigurationList = 79D2CDDA1A1119B100802571 /* Build configuration list for PBXProject "ToDoListApp" */;
			compatibilityVersion = "Xcode 3.2";
			developmentRegion = English;
			hasScannedForEncodings = 0;
			knownRegions = (
				en,
				Base,
			);
			mainGroup = 79D2CDD61A1119B100802571;
			productRefGroup = 79D2CDE01A1119B100802571 /* Products */;
			projectDirPath = "";
			projectRoot = "";
			targets = (
				79D2CDDE1A1119B100802571 /* ToDoListApp */,
				79D2CDF31A1119B100802571 /* ToDoListAppTests */,
			);
		};
/* End PBXProject section */

/* Begin PBXResourcesBuildPhase section */
		79D2CDDD1A1119B100802571 /* Resources */ = {
			isa = PBXResourcesBuildPhase;
			buildActionMask = 2147483647;
			files = (
				79D2CDEA1A1119B100802571 /* Main.storyboard in Resources */,
				79D2CDEF1A1119B100802571 /* LaunchScreen.xib in Resources */,
				79D2CDEC1A1119B100802571 /* Images.xcassets in Resources */,
			);
			runOnlyForDeploymentPostprocessing = 0;
		};
		79D2CDF21A1119B100802571 /* Resources */ = {
			isa = PBXResourcesBuildPhase;
			buildActionMask = 2147483647;
			files = (
			);
			runOnlyForDeploymentPostprocessing = 0;
		};
/* End PBXResourcesBuildPhase section */

/* Begin PBXSourcesBuildPhase section */
		79D2CDDB1A1119B100802571 /* Sources */ = {
			isa = PBXSourcesBuildPhase;
			buildActionMask = 2147483647;
			files = (
				79D2CDE51A1119B100802571 /* AppDelegate.swift in Sources */,
				79D2CE071A111FE300802571 /* AddToDoViewController.swift in Sources */,
				79D8F2011A11236B00E1FFFD /* ToDoItem.swift in Sources */,
				79D2CE051A111FBB00802571 /* ToDoListTableViewController.swift in Sources */,
			);
			runOnlyForDeploymentPostprocessing = 0;
		};
		79D2CDF01A1119B100802571 /* Sources */ = {
			isa = PBXSourcesBuildPhase;
			buildActionMask = 2147483647;
			files = (
				79D2CDFB1A1119B100802571 /* ToDoListAppTests.swift in Sources */,
			);
			runOnlyForDeploymentPostprocessing = 0;
		};
/* End PBXSourcesBuildPhase section */

/* Begin PBXTargetDependency section */
		79D2CDF61A1119B100802571 /* PBXTargetDependency */ = {
			isa = PBXTargetDependency;
			target = 79D2CDDE1A1119B100802571 /* ToDoListApp */;
			targetProxy = 79D2CDF51A1119B100802571 /* PBXContainerItemProxy */;
		};
/* End PBXTargetDependency section */

/* Begin PBXVariantGroup section */
		79D2CDE81A1119B100802571 /* Main.storyboard */ = {
			isa = PBXVariantGroup;
			children = (
				79D2CDE91A1119B100802571 /* Base */,
			);
			name = Main.storyboard;
			sourceTree = "<group>";
		};
		79D2CDED1A1119B100802571 /* LaunchScreen.xib */ = {
			isa = PBXVariantGroup;
			children = (
				79D2CDEE1A1119B100802571 /* Base */,
			);
			name = LaunchScreen.xib;
			sourceTree = "<group>";
		};
/* End PBXVariantGroup section */

/* Begin XCBuildConfiguration section */
		79D2CDFC1A1119B100802571 /* Debug */ = {
			isa = XCBuildConfiguration;
			buildSettings = {
				ALWAYS_SEARCH_USER_PATHS = NO;
				CLANG_CXX_LANGUAGE_STANDARD = "gnu++0x";
				CLANG_CXX_LIBRARY = "libc++";
				CLANG_ENABLE_MODULES = YES;
				CLANG_ENABLE_OBJC_ARC = YES;
				CLANG_WARN_BOOL_CONVERSION = YES;
				CLANG_WARN_CONSTANT_CONVERSION = YES;
				CLANG_WARN_DIRECT_OBJC_ISA_USAGE = YES_ERROR;
				CLANG_WARN_EMPTY_BODY = YES;
				CLANG_WARN_ENUM_CONVERSION = YES;
				CLANG_WARN_INT_CONVERSION = YES;
				CLANG_WARN_OBJC_ROOT_CLASS = YES_ERROR;
				CLANG_WARN_UNREACHABLE_CODE = YES;
				CLANG_WARN__DUPLICATE_METHOD_MATCH = YES;
				"CODE_SIGN_IDENTITY[sdk=iphoneos*]" = "iPhone Developer";
				COPY_PHASE_STRIP = NO;
				ENABLE_STRICT_OBJC_MSGSEND = YES;
				GCC_C_LANGUAGE_STANDARD = gnu99;
				GCC_DYNAMIC_NO_PIC = NO;
				GCC_OPTIMIZATION_LEVEL = 0;
				GCC_PREPROCESSOR_DEFINITIONS = (
					"DEBUG=1",
					"$(inherited)",
				);
				GCC_SYMBOLS_PRIVATE_EXTERN = NO;
				GCC_WARN_64_TO_32_BIT_CONVERSION = YES;
				GCC_WARN_ABOUT_RETURN_TYPE = YES_ERROR;
				GCC_WARN_UNDECLARED_SELECTOR = YES;
				GCC_WARN_UNINITIALIZED_AUTOS = YES_AGGRESSIVE;
				GCC_WARN_UNUSED_FUNCTION = YES;
				GCC_WARN_UNUSED_VARIABLE = YES;
				IPHONEOS_DEPLOYMENT_TARGET = 8.1;
				MTL_ENABLE_DEBUG_INFO = YES;
				ONLY_ACTIVE_ARCH = YES;
				SDKROOT = iphoneos;
				SWIFT_OPTIMIZATION_LEVEL = "-Onone";
			};
			name = Debug;
		};
		79D2CDFD1A1119B100802571 /* Release */ = {
			isa = XCBuildConfiguration;
			buildSettings = {
				ALWAYS_SEARCH_USER_PATHS = NO;
				CLANG_CXX_LANGUAGE_STANDARD = "gnu++0x";
				CLANG_CXX_LIBRARY = "libc++";
				CLANG_ENABLE_MODULES = YES;
				CLANG_ENABLE_OBJC_ARC = YES;
				CLANG_WARN_BOOL_CONVERSION = YES;
				CLANG_WARN_CONSTANT_CONVERSION = YES;
				CLANG_WARN_DIRECT_OBJC_ISA_USAGE = YES_ERROR;
				CLANG_WARN_EMPTY_BODY = YES;
				CLANG_WARN_ENUM_CONVERSION = YES;
				CLANG_WARN_INT_CONVERSION = YES;
				CLANG_WARN_OBJC_ROOT_CLASS = YES_ERROR;
				CLANG_WARN_UNREACHABLE_CODE = YES;
				CLANG_WARN__DUPLICATE_METHOD_MATCH = YES;
				"CODE_SIGN_IDENTITY[sdk=iphoneos*]" = "iPhone Developer";
				COPY_PHASE_STRIP = YES;
				ENABLE_NS_ASSERTIONS = NO;
				ENABLE_STRICT_OBJC_MSGSEND = YES;
				GCC_C_LANGUAGE_STANDARD = gnu99;
				GCC_WARN_64_TO_32_BIT_CONVERSION = YES;
				GCC_WARN_ABOUT_RETURN_TYPE = YES_ERROR;
				GCC_WARN_UNDECLARED_SELECTOR = YES;
				GCC_WARN_UNINITIALIZED_AUTOS = YES_AGGRESSIVE;
				GCC_WARN_UNUSED_FUNCTION = YES;
				GCC_WARN_UNUSED_VARIABLE = YES;
				IPHONEOS_DEPLOYMENT_TARGET = 8.1;
				MTL_ENABLE_DEBUG_INFO = NO;
				SDKROOT = iphoneos;
				VALIDATE_PRODUCT = YES;
			};
			name = Release;
		};
		79D2CDFF1A1119B100802571 /* Debug */ = {
			isa = XCBuildConfiguration;
			buildSettings = {
				ASSETCATALOG_COMPILER_APPICON_NAME = AppIcon;
				INFOPLIST_FILE = ToDoListApp/Info.plist;
				LD_RUNPATH_SEARCH_PATHS = "$(inherited) @executable_path/Frameworks";
				PRODUCT_NAME = "$(TARGET_NAME)";
			};
			name = Debug;
		};
		79D2CE001A1119B100802571 /* Release */ = {
			isa = XCBuildConfiguration;
			buildSettings = {
				ASSETCATALOG_COMPILER_APPICON_NAME = AppIcon;
				INFOPLIST_FILE = ToDoListApp/Info.plist;
				LD_RUNPATH_SEARCH_PATHS = "$(inherited) @executable_path/Frameworks";
				PRODUCT_NAME = "$(TARGET_NAME)";
			};
			name = Release;
		};
		79D2CE021A1119B100802571 /* Debug */ = {
			isa = XCBuildConfiguration;
			buildSettings = {
				BUNDLE_LOADER = "$(TEST_HOST)";
				FRAMEWORK_SEARCH_PATHS = (
					"$(SDKROOT)/Developer/Library/Frameworks",
					"$(inherited)",
				);
				GCC_PREPROCESSOR_DEFINITIONS = (
					"DEBUG=1",
					"$(inherited)",
				);
				INFOPLIST_FILE = ToDoListAppTests/Info.plist;
				LD_RUNPATH_SEARCH_PATHS = "$(inherited) @executable_path/Frameworks @loader_path/Frameworks";
				PRODUCT_NAME = "$(TARGET_NAME)";
				TEST_HOST = "$(BUILT_PRODUCTS_DIR)/ToDoListApp.app/ToDoListApp";
			};
			name = Debug;
		};
		79D2CE031A1119B100802571 /* Release */ = {
			isa = XCBuildConfiguration;
			buildSettings = {
				BUNDLE_LOADER = "$(TEST_HOST)";
				FRAMEWORK_SEARCH_PATHS = (
					"$(SDKROOT)/Developer/Library/Frameworks",
					"$(inherited)",
				);
				INFOPLIST_FILE = ToDoListAppTests/Info.plist;
				LD_RUNPATH_SEARCH_PATHS = "$(inherited) @executable_path/Frameworks @loader_path/Frameworks";
				PRODUCT_NAME = "$(TARGET_NAME)";
				TEST_HOST = "$(BUILT_PRODUCTS_DIR)/ToDoListApp.app/ToDoListApp";
			};
			name = Release;
		};
/* End XCBuildConfiguration section */

/* Begin XCConfigurationList section */
		79D2CDDA1A1119B100802571 /* Build configuration list for PBXProject "ToDoListApp" */ = {
			isa = XCConfigurationList;
			buildConfigurations = (
				79D2CDFC1A1119B100802571 /* Debug */,
				79D2CDFD1A1119B100802571 /* Release */,
			);
			defaultConfigurationIsVisible = 0;
			defaultConfigurationName = Release;
		};
		79D2CDFE1A1119B100802571 /* Build configuration list for PBXNativeTarget "ToDoListApp" */ = {
			isa = XCConfigurationList;
			buildConfigurations = (
				79D2CDFF1A1119B100802571 /* Debug */,
				79D2CE001A1119B100802571 /* Release */,
			);
			defaultConfigurationIsVisible = 0;
			defaultConfigurationName = Release;
		};
		79D2CE011A1119B100802571 /* Build configuration list for PBXNativeTarget "ToDoListAppTests" */ = {
			isa = XCConfigurationList;
			buildConfigurations = (
				79D2CE021A1119B100802571 /* Debug */,
				79D2CE031A1119B100802571 /* Release */,
			);
			defaultConfigurationIsVisible = 0;
			defaultConfigurationName = Release;
		};
/* End XCConfigurationList section */
	};
	rootObject = 79D2CDD71A1119B100802571 /* Project object */;
}
